
Microsoft Visual Studio Solution File, Format Version 12.00
# Visual Studio Version 17
VisualStudioVersion = 17.11.35327.3
MinimumVisualStudioVersion = 10.0.40219.1
Project("{9A19103F-16F7-4668-BE54-9A1E7A4F7556}") = "client", "client.csproj", "{CC55BDEA-A667-44A4-B0A6-92F3E209A3E6}"
EndProject
Project("{9A19103F-16F7-4668-BE54-9A1E7A4F7556}") = "API", "..\API\API.csproj", "{E495851F-F44D-4522-AC24-066B547EA452}"
EndProject
Global
	GlobalSection(SolutionConfigurationPlatforms) = preSolution
		Debug|Any CPU = Debug|Any CPU
		Release|Any CPU = Release|Any CPU
	EndGlobalSection
	GlobalSection(ProjectConfigurationPlatforms) = postSolution
		{CC55BDEA-A667-44A4-B0A6-92F3E209A3E6}.Debug|Any CPU.ActiveCfg = Debug|Any CPU
		{CC55BDEA-A667-44A4-B0A6-92F3E209A3E6}.Debug|Any CPU.Build.0 = Debug|Any CPU
		{CC55BDEA-A667-44A4-B0A6-92F3E209A3E6}.Release|Any CPU.ActiveCfg = Release|Any CPU
		{CC55BDEA-A667-44A4-B0A6-92F3E209A3E6}.Release|Any CPU.Build.0 = Release|Any CPU
		{E495851F-F44D-4522-AC24-066B547EA452}.Debug|Any CPU.ActiveCfg = Debug|Any CPU
		{E495851F-F44D-4522-AC24-066B547EA452}.Debug|Any CPU.Build.0 = Debug|Any CPU
		{E495851F-F44D-4522-AC24-066B547EA452}.Release|Any CPU.ActiveCfg = Release|Any CPU
		{E495851F-F44D-4522-AC24-066B547EA452}.Release|Any CPU.Build.0 = Release|Any CPU
	EndGlobalSection
	GlobalSection(SolutionProperties) = preSolution
		HideSolutionNode = FALSE
	EndGlobalSection
	GlobalSection(ExtensibilityGlobals) = postSolution
		SolutionGuid = {0FF675D9-ACC3-48E7-87E7-7AAEE54870E4}
	EndGlobalSection
EndGlobal
